
Microsoft Visual Studio Solution File, Format Version 10.00
# Visual Studio 2008
Project("{FAE04EC0-301F-11D3-BF4B-00C04F79EFBC}") = "dotnetexplorer.blog.com.WPFIcRtSandFc", "dotnetexplorer.blog.com.WPFIcRtSandFc.csproj", "{3F02155B-F171-4BB1-A1D7-8407F15609F8}"
EndProject
Project("{FAE04EC0-301F-11D3-BF4B-00C04F79EFBC}") = "dotnetexplorer.blog.com.WPFIcRtSandFc.SampleApp", "dotnetexplorer.blog.com.WPFIcRtSandFc.SampleApp\dotnetexplorer.blog.com.WPFIcRtSandFc.SampleApp.csproj", "{0A5AF11B-C090-4591-A318-F9BDA3B6DF80}"
EndProject
Global
	GlobalSection(SolutionConfigurationPlatforms) = preSolution
		Debug|Any CPU = Debug|Any CPU
		Release|Any CPU = Release|Any CPU
	EndGlobalSection
	GlobalSection(ProjectConfigurationPlatforms) = postSolution
		{3F02155B-F171-4BB1-A1D7-8407F15609F8}.Debug|Any CPU.ActiveCfg = Debug|Any CPU
		{3F02155B-F171-4BB1-A1D7-8407F15609F8}.Debug|Any CPU.Build.0 = Debug|Any CPU
		{3F02155B-F171-4BB1-A1D7-8407F15609F8}.Release|Any CPU.ActiveCfg = Release|Any CPU
		{3F02155B-F171-4BB1-A1D7-8407F15609F8}.Release|Any CPU.Build.0 = Release|Any CPU
		{0A5AF11B-C090-4591-A318-F9BDA3B6DF80}.Debug|Any CPU.ActiveCfg = Debug|Any CPU
		{0A5AF11B-C090-4591-A318-F9BDA3B6DF80}.Debug|Any CPU.Build.0 = Debug|Any CPU
		{0A5AF11B-C090-4591-A318-F9BDA3B6DF80}.Release|Any CPU.ActiveCfg = Release|Any CPU
		{0A5AF11B-C090-4591-A318-F9BDA3B6DF80}.Release|Any CPU.Build.0 = Release|Any CPU
	EndGlobalSection
	GlobalSection(SolutionProperties) = preSolution
		HideSolutionNode = FALSE
	EndGlobalSection
EndGlobal
